schema: '2.0'
stages:
  ingest:
    cmd: python src/data_ingestion.py
    deps:
    - path: src/data_ingestion.py
      hash: md5
      md5: 75fb04f3ae19df87d7121d6b2b47cdde
      size: 783
    outs:
    - path: data/raw/housing.csv
      hash: md5
      md5: ca5b757f0729c68d74d05bf9d9ca8486
      size: 1895154
  transform:
    cmd: python src/transform.py
    deps:
    - path: data/raw/housing.csv
      hash: md5
      md5: ca5b757f0729c68d74d05bf9d9ca8486
      size: 1895154
    - path: params.yaml
      hash: md5
      md5: 8a1dd9fb2274f4c02f0a91ffed3d9eef
      size: 103
    - path: src/transform.py
      hash: md5
      md5: 5d454af89df67992bbc1de5f6354805f
      size: 1468
    outs:
    - path: data/processed
      hash: md5
      md5: 8c20515c98af3d36e273c1262c72365e.dir
      size: 1892247
      nfiles: 4
  train:
    cmd: python src/train.py
    deps:
    - path: data/processed
      hash: md5
      md5: 8c20515c98af3d36e273c1262c72365e.dir
      size: 1892247
      nfiles: 4
    - path: src/train.py
      hash: md5
      md5: 099e60c81d9db6284a8da1ec8199b0c3
      size: 3742
    outs:
    - path: metrics.json
      hash: md5
      md5: 689ea3a826f877dadd2a16fa186ff177
      size: 30
    - path: models/models.pkl
      hash: md5
      md5: 985399a4c8717a9e2f7d100729ba5c93
      size: 475985
